
Microsoft Visual Studio Solution File, Format Version 12.00
# Visual Studio Version 16
VisualStudioVersion = 16.0.31321.278
MinimumVisualStudioVersion = 10.0.40219.1
Project("{9A19103F-16F7-4668-BE54-9A1E7A4F7556}") = "Algorithms", "Algorithms\Algorithms.csproj", "{2906F923-3E43-48B3-B00A-A2FF41D199E7}"
EndProject
Project("{FAE04EC0-301F-11D3-BF4B-00C04F79EFBC}") = "AlgorithmsTests", "AlgorithmsTests\AlgorithmsTests.csproj", "{064FE364-3E38-44FB-8829-7DBEF04A5BD3}"
EndProject
Global
	GlobalSection(SolutionConfigurationPlatforms) = preSolution
		Debug|Any CPU = Debug|Any CPU
		Release|Any CPU = Release|Any CPU
	EndGlobalSection
	GlobalSection(ProjectConfigurationPlatforms) = postSolution
		{2906F923-3E43-48B3-B00A-A2FF41D199E7}.Debug|Any CPU.ActiveCfg = Debug|Any CPU
		{2906F923-3E43-48B3-B00A-A2FF41D199E7}.Debug|Any CPU.Build.0 = Debug|Any CPU
		{2906F923-3E43-48B3-B00A-A2FF41D199E7}.Release|Any CPU.ActiveCfg = Release|Any CPU
		{2906F923-3E43-48B3-B00A-A2FF41D199E7}.Release|Any CPU.Build.0 = Release|Any CPU
		{064FE364-3E38-44FB-8829-7DBEF04A5BD3}.Debug|Any CPU.ActiveCfg = Debug|Any CPU
		{064FE364-3E38-44FB-8829-7DBEF04A5BD3}.Debug|Any CPU.Build.0 = Debug|Any CPU
		{064FE364-3E38-44FB-8829-7DBEF04A5BD3}.Release|Any CPU.ActiveCfg = Release|Any CPU
		{064FE364-3E38-44FB-8829-7DBEF04A5BD3}.Release|Any CPU.Build.0 = Release|Any CPU
	EndGlobalSection
	GlobalSection(SolutionProperties) = preSolution
		HideSolutionNode = FALSE
	EndGlobalSection
	GlobalSection(ExtensibilityGlobals) = postSolution
		SolutionGuid = {AA8083A1-9065-4EFB-8F3D-01B17EB7FD5C}
	EndGlobalSection
EndGlobal
